
Microsoft Visual Studio Solution File, Format Version 12.00
# Visual Studio Version 16
VisualStudioVersion = 16.0.32106.194
MinimumVisualStudioVersion = 10.0.40219.1
Project("{159641D6-6404-4A2A-AE62-294DE0FE8301}") = "AdventureWorksDW_SSIS_Object", "AdventureWorksDW_SSIS_Object\AdventureWorksDW_SSIS_Object.dtproj", "{A5A9EB86-B8DC-4A25-AF0C-AE7F13EA493D}"
EndProject
Global
	GlobalSection(SolutionConfigurationPlatforms) = preSolution
		Development|Default = Development|Default
	EndGlobalSection
	GlobalSection(ProjectConfigurationPlatforms) = postSolution
		{A5A9EB86-B8DC-4A25-AF0C-AE7F13EA493D}.Development|Default.ActiveCfg = Development
		{A5A9EB86-B8DC-4A25-AF0C-AE7F13EA493D}.Development|Default.Build.0 = Development
	EndGlobalSection
	GlobalSection(SolutionProperties) = preSolution
		HideSolutionNode = FALSE
	EndGlobalSection
	GlobalSection(ExtensibilityGlobals) = postSolution
		SolutionGuid = {60553B13-5515-4BB3-9ABC-9936E143EBF7}
	EndGlobalSection
EndGlobal
